
Microsoft Visual Studio Solution File, Format Version 12.00
Project("{FAE04EC0-301F-11D3-BF4B-00C04F79EFBC}") = "Shapes", "Shapes\Shapes.csproj", "{4E9B95B3-CD7A-43BE-BA2C-64C5FDE3E2C4}"
EndProject
Project("{FAE04EC0-301F-11D3-BF4B-00C04F79EFBC}") = "Tests", "Tests\Tests.csproj", "{B5250050-9775-4F0D-9EC8-D250EE5BC574}"
EndProject
Global
	GlobalSection(SolutionConfigurationPlatforms) = preSolution
		Debug|Any CPU = Debug|Any CPU
		Release|Any CPU = Release|Any CPU
	EndGlobalSection
	GlobalSection(ProjectConfigurationPlatforms) = postSolution
		{4E9B95B3-CD7A-43BE-BA2C-64C5FDE3E2C4}.Debug|Any CPU.ActiveCfg = Debug|Any CPU
		{4E9B95B3-CD7A-43BE-BA2C-64C5FDE3E2C4}.Debug|Any CPU.Build.0 = Debug|Any CPU
		{4E9B95B3-CD7A-43BE-BA2C-64C5FDE3E2C4}.Release|Any CPU.ActiveCfg = Release|Any CPU
		{4E9B95B3-CD7A-43BE-BA2C-64C5FDE3E2C4}.Release|Any CPU.Build.0 = Release|Any CPU
		{B5250050-9775-4F0D-9EC8-D250EE5BC574}.Debug|Any CPU.ActiveCfg = Debug|Any CPU
		{B5250050-9775-4F0D-9EC8-D250EE5BC574}.Debug|Any CPU.Build.0 = Debug|Any CPU
		{B5250050-9775-4F0D-9EC8-D250EE5BC574}.Release|Any CPU.ActiveCfg = Release|Any CPU
		{B5250050-9775-4F0D-9EC8-D250EE5BC574}.Release|Any CPU.Build.0 = Release|Any CPU
	EndGlobalSection
EndGlobal
